// !$*UTF8*$!
{
	archiveVersion = 1;
	classes = {
	};
	objectVersion = 56;
	objects = {

/* Begin PBXBuildFile section */
		137805E12BACA3FF001CA4E9 /* AppDelegate.swift in Sources */ = {isa = PBXBuildFile; fileRef = 137805E02BACA3FF001CA4E9 /* AppDelegate.swift */; };
		137805E32BACA3FF001CA4E9 /* SceneDelegate.swift in Sources */ = {isa = PBXBuildFile; fileRef = 137805E22BACA3FF001CA4E9 /* SceneDelegate.swift */; };
		137805E52BACA3FF001CA4E9 /* TVMainViewController.swift in Sources */ = {isa = PBXBuildFile; fileRef = 137805E42BACA3FF001CA4E9 /* TVMainViewController.swift */; };
		137805EB2BACA3FF001CA4E9 /* TradingVolume.xcdatamodeld in Sources */ = {isa = PBXBuildFile; fileRef = 137805E92BACA3FF001CA4E9 /* TradingVolume.xcdatamodeld */; };
		137805ED2BACA401001CA4E9 /* Assets.xcassets in Resources */ = {isa = PBXBuildFile; fileRef = 137805EC2BACA401001CA4E9 /* Assets.xcassets */; };
		137805F02BACA401001CA4E9 /* LaunchScreen.storyboard in Resources */ = {isa = PBXBuildFile; fileRef = 137805EE2BACA401001CA4E9 /* LaunchScreen.storyboard */; };
		137805F82BADE1EE001CA4E9 /* TVMainViewControllerView.swift in Sources */ = {isa = PBXBuildFile; fileRef = 137805F72BADE1EE001CA4E9 /* TVMainViewControllerView.swift */; };
		137805FB2BADE649001CA4E9 /* NetworkManager.swift in Sources */ = {isa = PBXBuildFile; fileRef = 137805FA2BADE649001CA4E9 /* NetworkManager.swift */; };
		137805FE2BADECE7001CA4E9 /* CryptocurrencyData.swift in Sources */ = {isa = PBXBuildFile; fileRef = 137805FD2BADECE7001CA4E9 /* CryptocurrencyData.swift */; };
		137806012BAE04CB001CA4E9 /* TVMainViewControllerViewModel.swift in Sources */ = {isa = PBXBuildFile; fileRef = 137806002BAE04CB001CA4E9 /* TVMainViewControllerViewModel.swift */; };
		137806072BAEBA02001CA4E9 /* VTMainTableViewCell.swift in Sources */ = {isa = PBXBuildFile; fileRef = 137806062BAEBA02001CA4E9 /* VTMainTableViewCell.swift */; };
		137806092BAF3377001CA4E9 /* Constants.swift in Sources */ = {isa = PBXBuildFile; fileRef = 137806082BAF3377001CA4E9 /* Constants.swift */; };
		1378060B2BB099DE001CA4E9 /* CryptoLiquidityModel.swift in Sources */ = {isa = PBXBuildFile; fileRef = 1378060A2BB099DE001CA4E9 /* CryptoLiquidityModel.swift */; };
		1378060F2BB2B44F001CA4E9 /* TVCoinDetailsViewController.swift in Sources */ = {isa = PBXBuildFile; fileRef = 1378060E2BB2B44F001CA4E9 /* TVCoinDetailsViewController.swift */; };
		137806112BB31DA8001CA4E9 /* VTStackView.swift in Sources */ = {isa = PBXBuildFile; fileRef = 137806102BB31DA8001CA4E9 /* VTStackView.swift */; };
		137806132BB33171001CA4E9 /* TVSelectRangeViewController.swift in Sources */ = {isa = PBXBuildFile; fileRef = 137806122BB33171001CA4E9 /* TVSelectRangeViewController.swift */; };
		137806152BB33C74001CA4E9 /* TVSelectRangeViewControllerView.swift in Sources */ = {isa = PBXBuildFile; fileRef = 137806142BB33C74001CA4E9 /* TVSelectRangeViewControllerView.swift */; };
		137806172BB5D4BC001CA4E9 /* TVCoinDetailsViewControllerView.swift in Sources */ = {isa = PBXBuildFile; fileRef = 137806162BB5D4BC001CA4E9 /* TVCoinDetailsViewControllerView.swift */; };
		137806192BB5D909001CA4E9 /* TVCoinDetailsSingleRow.swift in Sources */ = {isa = PBXBuildFile; fileRef = 137806182BB5D909001CA4E9 /* TVCoinDetailsSingleRow.swift */; };
		CE85BF7207DD7D70C9A8213B /* Pods_TradingVolume.framework in Frameworks */ = {isa = PBXBuildFile; fileRef = D582750F13CC3C4898E35F43 /* Pods_TradingVolume.framework */; };
/* End PBXBuildFile section */

/* Begin PBXFileReference section */
		137805DD2BACA3FF001CA4E9 /* TradingVolume.app */ = {isa = PBXFileReference; explicitFileType = wrapper.application; includeInIndex = 0; path = TradingVolume.app; sourceTree = BUILT_PRODUCTS_DIR; };
		137805E02BACA3FF001CA4E9 /* AppDelegate.swift */ = {isa = PBXFileReference; lastKnownFileType = sourcecode.swift; path = AppDelegate.swift; sourceTree = "<group>"; };
		137805E22BACA3FF001CA4E9 /* SceneDelegate.swift */ = {isa = PBXFileReference; lastKnownFileType = sourcecode.swift; path = SceneDelegate.swift; sourceTree = "<group>"; };
		137805E42BACA3FF001CA4E9 /* TVMainViewController.swift */ = {isa = PBXFileReference; lastKnownFileType = sourcecode.swift; path = TVMainViewController.swift; sourceTree = "<group>"; };
		137805EA2BACA3FF001CA4E9 /* TradingVolume.xcdatamodel */ = {isa = PBXFileReference; lastKnownFileType = wrapper.xcdatamodel; path = TradingVolume.xcdatamodel; sourceTree = "<group>"; };
		137805EC2BACA401001CA4E9 /* Assets.xcassets */ = {isa = PBXFileReference; lastKnownFileType = folder.assetcatalog; path = Assets.xcassets; sourceTree = "<group>"; };
		137805EF2BACA401001CA4E9 /* Base */ = {isa = PBXFileReference; lastKnownFileType = file.storyboard; name = Base; path = Base.lproj/LaunchScreen.storyboard; sourceTree = "<group>"; };
		137805F12BACA401001CA4E9 /* Info.plist */ = {isa = PBXFileReference; lastKnownFileType = text.plist.xml; path = Info.plist; sourceTree = "<group>"; };
		137805F72BADE1EE001CA4E9 /* TVMainViewControllerView.swift */ = {isa = PBXFileReference; lastKnownFileType = sourcecode.swift; path = TVMainViewControllerView.swift; sourceTree = "<group>"; };
		137805FA2BADE649001CA4E9 /* NetworkManager.swift */ = {isa = PBXFileReference; lastKnownFileType = sourcecode.swift; path = NetworkManager.swift; sourceTree = "<group>"; };
		137805FD2BADECE7001CA4E9 /* CryptocurrencyData.swift */ = {isa = PBXFileReference; lastKnownFileType = sourcecode.swift; path = CryptocurrencyData.swift; sourceTree = "<group>"; };
		137806002BAE04CB001CA4E9 /* TVMainViewControllerViewModel.swift */ = {isa = PBXFileReference; lastKnownFileType = sourcecode.swift; path = TVMainViewControllerViewModel.swift; sourceTree = "<group>"; };
		137806062BAEBA02001CA4E9 /* VTMainTableViewCell.swift */ = {isa = PBXFileReference; lastKnownFileType = sourcecode.swift; path = VTMainTableViewCell.swift; sourceTree = "<group>"; };
		137806082BAF3377001CA4E9 /* Constants.swift */ = {isa = PBXFileReference; lastKnownFileType = sourcecode.swift; path = Constants.swift; sourceTree = "<group>"; };
		1378060A2BB099DE001CA4E9 /* CryptoLiquidityModel.swift */ = {isa = PBXFileReference; lastKnownFileType = sourcecode.swift; path = CryptoLiquidityModel.swift; sourceTree = "<group>"; };
		1378060E2BB2B44F001CA4E9 /* TVCoinDetailsViewController.swift */ = {isa = PBXFileReference; lastKnownFileType = sourcecode.swift; path = TVCoinDetailsViewController.swift; sourceTree = "<group>"; };
		137806102BB31DA8001CA4E9 /* VTStackView.swift */ = {isa = PBXFileReference; lastKnownFileType = sourcecode.swift; path = VTStackView.swift; sourceTree = "<group>"; };
		137806122BB33171001CA4E9 /* TVSelectRangeViewController.swift */ = {isa = PBXFileReference; lastKnownFileType = sourcecode.swift; path = TVSelectRangeViewController.swift; sourceTree = "<group>"; };
		137806142BB33C74001CA4E9 /* TVSelectRangeViewControllerView.swift */ = {isa = PBXFileReference; lastKnownFileType = sourcecode.swift; path = TVSelectRangeViewControllerView.swift; sourceTree = "<group>"; };
		137806162BB5D4BC001CA4E9 /* TVCoinDetailsViewControllerView.swift */ = {isa = PBXFileReference; lastKnownFileType = sourcecode.swift; path = TVCoinDetailsViewControllerView.swift; sourceTree = "<group>"; };
		137806182BB5D909001CA4E9 /* TVCoinDetailsSingleRow.swift */ = {isa = PBXFileReference; lastKnownFileType = sourcecode.swift; path = TVCoinDetailsSingleRow.swift; sourceTree = "<group>"; };
		1A97F59B163FB1762D9DFCA0 /* Pods-TradingVolume.debug.xcconfig */ = {isa = PBXFileReference; includeInIndex = 1; lastKnownFileType = text.xcconfig; name = "Pods-TradingVolume.debug.xcconfig"; path = "Target Support Files/Pods-TradingVolume/Pods-TradingVolume.debug.xcconfig"; sourceTree = "<group>"; };
		D582750F13CC3C4898E35F43 /* Pods_TradingVolume.framework */ = {isa = PBXFileReference; explicitFileType = wrapper.framework; includeInIndex = 0; path = Pods_TradingVolume.framework; sourceTree = BUILT_PRODUCTS_DIR; };
		E9529F8C23C8A8C36BAB8D36 /* Pods-TradingVolume.release.xcconfig */ = {isa = PBXFileReference; includeInIndex = 1; lastKnownFileType = text.xcconfig; name = "Pods-TradingVolume.release.xcconfig"; path = "Target Support Files/Pods-TradingVolume/Pods-TradingVolume.release.xcconfig"; sourceTree = "<group>"; };
/* End PBXFileReference section */

/* Begin PBXFrameworksBuildPhase section */
		137805DA2BACA3FF001CA4E9 /* Frameworks */ = {
			isa = PBXFrameworksBuildPhase;
			buildActionMask = 2147483647;
			files = (
				CE85BF7207DD7D70C9A8213B /* Pods_TradingVolume.framework in Frameworks */,
			);
			runOnlyForDeploymentPostprocessing = 0;
		};
/* End PBXFrameworksBuildPhase section */

/* Begin PBXGroup section */
		137805D42BACA3FF001CA4E9 = {
			isa = PBXGroup;
			children = (
				137805DF2BACA3FF001CA4E9 /* TradingVolume */,
				137805DE2BACA3FF001CA4E9 /* Products */,
				1D1B3FADA309B4592AA48752 /* Pods */,
				F46015A6FD04106F6C60113B /* Frameworks */,
			);
			sourceTree = "<group>";
		};
		137805DE2BACA3FF001CA4E9 /* Products */ = {
			isa = PBXGroup;
			children = (
				137805DD2BACA3FF001CA4E9 /* TradingVolume.app */,
			);
			name = Products;
			sourceTree = "<group>";
		};
		137805DF2BACA3FF001CA4E9 /* TradingVolume */ = {
			isa = PBXGroup;
			children = (
				137806052BAEB2C3001CA4E9 /* Custom Views */,
				137806022BAE051B001CA4E9 /* ViewControllers */,
				137806032BAE0527001CA4E9 /* Views */,
				137805FF2BAE04B7001CA4E9 /* ViewModels */,
				137805FC2BADECCC001CA4E9 /* Models */,
				137805F92BADE63C001CA4E9 /* Managers */,
				137806042BAE053C001CA4E9 /* Support */,
				137805F12BACA401001CA4E9 /* Info.plist */,
			);
			path = TradingVolume;
			sourceTree = "<group>";
		};
		137805F92BADE63C001CA4E9 /* Managers */ = {
			isa = PBXGroup;
			children = (
				137805FA2BADE649001CA4E9 /* NetworkManager.swift */,
			);
			path = Managers;
			sourceTree = "<group>";
		};
		137805FC2BADECCC001CA4E9 /* Models */ = {
			isa = PBXGroup;
			children = (
				137805FD2BADECE7001CA4E9 /* CryptocurrencyData.swift */,
				1378060A2BB099DE001CA4E9 /* CryptoLiquidityModel.swift */,
				137805E92BACA3FF001CA4E9 /* TradingVolume.xcdatamodeld */,
			);
			path = Models;
			sourceTree = "<group>";
		};
		137805FF2BAE04B7001CA4E9 /* ViewModels */ = {
			isa = PBXGroup;
			children = (
				137806002BAE04CB001CA4E9 /* TVMainViewControllerViewModel.swift */,
			);
			path = ViewModels;
			sourceTree = "<group>";
		};
		137806022BAE051B001CA4E9 /* ViewControllers */ = {
			isa = PBXGroup;
			children = (
				137805E42BACA3FF001CA4E9 /* TVMainViewController.swift */,
				1378060E2BB2B44F001CA4E9 /* TVCoinDetailsViewController.swift */,
				137806122BB33171001CA4E9 /* TVSelectRangeViewController.swift */,
			);
			path = ViewControllers;
			sourceTree = "<group>";
		};
		137806032BAE0527001CA4E9 /* Views */ = {
			isa = PBXGroup;
			children = (
				137805F72BADE1EE001CA4E9 /* TVMainViewControllerView.swift */,
				137806142BB33C74001CA4E9 /* TVSelectRangeViewControllerView.swift */,
				137806162BB5D4BC001CA4E9 /* TVCoinDetailsViewControllerView.swift */,
				1378061A2BB5D918001CA4E9 /* Custom Elements */,
			);
			path = Views;
			sourceTree = "<group>";
		};
		137806042BAE053C001CA4E9 /* Support */ = {
			isa = PBXGroup;
			children = (
				137805EC2BACA401001CA4E9 /* Assets.xcassets */,
				137805E22BACA3FF001CA4E9 /* SceneDelegate.swift */,
				137805E02BACA3FF001CA4E9 /* AppDelegate.swift */,
				137805EE2BACA401001CA4E9 /* LaunchScreen.storyboard */,
				137806082BAF3377001CA4E9 /* Constants.swift */,
			);
			path = Support;
			sourceTree = "<group>";
		};
		137806052BAEB2C3001CA4E9 /* Custom Views */ = {
			isa = PBXGroup;
			children = (
				137806062BAEBA02001CA4E9 /* VTMainTableViewCell.swift */,
				137806102BB31DA8001CA4E9 /* VTStackView.swift */,
			);
			path = "Custom Views";
			sourceTree = "<group>";
		};
		1378061A2BB5D918001CA4E9 /* Custom Elements */ = {
			isa = PBXGroup;
			children = (
				137806182BB5D909001CA4E9 /* TVCoinDetailsSingleRow.swift */,
			);
			path = "Custom Elements";
			sourceTree = "<group>";
		};
		1D1B3FADA309B4592AA48752 /* Pods */ = {
			isa = PBXGroup;
			children = (
				1A97F59B163FB1762D9DFCA0 /* Pods-TradingVolume.debug.xcconfig */,
				E9529F8C23C8A8C36BAB8D36 /* Pods-TradingVolume.release.xcconfig */,
			);
			path = Pods;
			sourceTree = "<group>";
		};
		F46015A6FD04106F6C60113B /* Frameworks */ = {
			isa = PBXGroup;
			children = (
				D582750F13CC3C4898E35F43 /* Pods_TradingVolume.framework */,
			);
			name = Frameworks;
			sourceTree = "<group>";
		};
/* End PBXGroup section */

/* Begin PBXNativeTarget section */
		137805DC2BACA3FF001CA4E9 /* TradingVolume */ = {
			isa = PBXNativeTarget;
			buildConfigurationList = 137805F42BACA401001CA4E9 /* Build configuration list for PBXNativeTarget "TradingVolume" */;
			buildPhases = (
				21203002225D1EA406F5933D /* [CP] Check Pods Manifest.lock */,
				137805D92BACA3FF001CA4E9 /* Sources */,
				137805DA2BACA3FF001CA4E9 /* Frameworks */,
				137805DB2BACA3FF001CA4E9 /* Resources */,
				2E8492DD16EF1DD671CE733F /* [CP] Embed Pods Frameworks */,
			);
			buildRules = (
			);
			dependencies = (
			);
			name = TradingVolume;
			productName = TradingVolume;
			productReference = 137805DD2BACA3FF001CA4E9 /* TradingVolume.app */;
			productType = "com.apple.product-type.application";
		};
/* End PBXNativeTarget section */

/* Begin PBXProject section */
		137805D52BACA3FF001CA4E9 /* Project object */ = {
			isa = PBXProject;
			attributes = {
				BuildIndependentTargetsInParallel = 1;
				LastSwiftUpdateCheck = 1500;
				LastUpgradeCheck = 1500;
				TargetAttributes = {
					137805DC2BACA3FF001CA4E9 = {
						CreatedOnToolsVersion = 15.0.1;
					};
				};
			};
			buildConfigurationList = 137805D82BACA3FF001CA4E9 /* Build configuration list for PBXProject "TradingVolume" */;
			compatibilityVersion = "Xcode 14.0";
			developmentRegion = en;
			hasScannedForEncodings = 0;
			knownRegions = (
				en,
				Base,
			);
			mainGroup = 137805D42BACA3FF001CA4E9;
			productRefGroup = 137805DE2BACA3FF001CA4E9 /* Products */;
			projectDirPath = "";
			projectRoot = "";
			targets = (
				137805DC2BACA3FF001CA4E9 /* TradingVolume */,
			);
		};
/* End PBXProject section */

/* Begin PBXResourcesBuildPhase section */
		137805DB2BACA3FF001CA4E9 /* Resources */ = {
			isa = PBXResourcesBuildPhase;
			buildActionMask = 2147483647;
			files = (
				137805F02BACA401001CA4E9 /* LaunchScreen.storyboard in Resources */,
				137805ED2BACA401001CA4E9 /* Assets.xcassets in Resources */,
			);
			runOnlyForDeploymentPostprocessing = 0;
		};
/* End PBXResourcesBuildPhase section */

/* Begin PBXShellScriptBuildPhase section */
		21203002225D1EA406F5933D /* [CP] Check Pods Manifest.lock */ = {
			isa = PBXShellScriptBuildPhase;
			buildActionMask = 2147483647;
			files = (
			);
			inputFileListPaths = (
			);
			inputPaths = (
				"${PODS_PODFILE_DIR_PATH}/Podfile.lock",
				"${PODS_ROOT}/Manifest.lock",
			);
			name = "[CP] Check Pods Manifest.lock";
			outputFileListPaths = (
			);
			outputPaths = (
				"$(DERIVED_FILE_DIR)/Pods-TradingVolume-checkManifestLockResult.txt",
			);
			runOnlyForDeploymentPostprocessing = 0;
			shellPath = /bin/sh;
			shellScript = "diff \"${PODS_PODFILE_DIR_PATH}/Podfile.lock\" \"${PODS_ROOT}/Manifest.lock\" > /dev/null\nif [ $? != 0 ] ; then\n    # print error to STDERR\n    echo \"error: The sandbox is not in sync with the Podfile.lock. Run 'pod install' or update your CocoaPods installation.\" >&2\n    exit 1\nfi\n# This output is used by Xcode 'outputs' to avoid re-running this script phase.\necho \"SUCCESS\" > \"${SCRIPT_OUTPUT_FILE_0}\"\n";
			showEnvVarsInLog = 0;
		};
		2E8492DD16EF1DD671CE733F /* [CP] Embed Pods Frameworks */ = {
			isa = PBXShellScriptBuildPhase;
			buildActionMask = 2147483647;
			files = (
			);
			inputFileListPaths = (
				"${PODS_ROOT}/Target Support Files/Pods-TradingVolume/Pods-TradingVolume-frameworks-${CONFIGURATION}-input-files.xcfilelist",
			);
			name = "[CP] Embed Pods Frameworks";
			outputFileListPaths = (
				"${PODS_ROOT}/Target Support Files/Pods-TradingVolume/Pods-TradingVolume-frameworks-${CONFIGURATION}-output-files.xcfilelist",
			);
			runOnlyForDeploymentPostprocessing = 0;
			shellPath = /bin/sh;
			shellScript = "\"${PODS_ROOT}/Target Support Files/Pods-TradingVolume/Pods-TradingVolume-frameworks.sh\"\n";
			showEnvVarsInLog = 0;
		};
/* End PBXShellScriptBuildPhase section */

/* Begin PBXSourcesBuildPhase section */
		137805D92BACA3FF001CA4E9 /* Sources */ = {
			isa = PBXSourcesBuildPhase;
			buildActionMask = 2147483647;
			files = (
				1378060F2BB2B44F001CA4E9 /* TVCoinDetailsViewController.swift in Sources */,
				137805FE2BADECE7001CA4E9 /* CryptocurrencyData.swift in Sources */,
				137805FB2BADE649001CA4E9 /* NetworkManager.swift in Sources */,
				137806172BB5D4BC001CA4E9 /* TVCoinDetailsViewControllerView.swift in Sources */,
				137806152BB33C74001CA4E9 /* TVSelectRangeViewControllerView.swift in Sources */,
				137805E52BACA3FF001CA4E9 /* TVMainViewController.swift in Sources */,
				137805E12BACA3FF001CA4E9 /* AppDelegate.swift in Sources */,
				137806012BAE04CB001CA4E9 /* TVMainViewControllerViewModel.swift in Sources */,
				137806092BAF3377001CA4E9 /* Constants.swift in Sources */,
				137806112BB31DA8001CA4E9 /* VTStackView.swift in Sources */,
				137806132BB33171001CA4E9 /* TVSelectRangeViewController.swift in Sources */,
				137805F82BADE1EE001CA4E9 /* TVMainViewControllerView.swift in Sources */,
				137805E32BACA3FF001CA4E9 /* SceneDelegate.swift in Sources */,
				137806192BB5D909001CA4E9 /* TVCoinDetailsSingleRow.swift in Sources */,
				137805EB2BACA3FF001CA4E9 /* TradingVolume.xcdatamodeld in Sources */,
				1378060B2BB099DE001CA4E9 /* CryptoLiquidityModel.swift in Sources */,
				137806072BAEBA02001CA4E9 /* VTMainTableViewCell.swift in Sources */,
			);
			runOnlyForDeploymentPostprocessing = 0;
		};
/* End PBXSourcesBuildPhase section */

/* Begin PBXVariantGroup section */
		137805EE2BACA401001CA4E9 /* LaunchScreen.storyboard */ = {
			isa = PBXVariantGroup;
			children = (
				137805EF2BACA401001CA4E9 /* Base */,
			);
			name = LaunchScreen.storyboard;
			sourceTree = "<group>";
		};
/* End PBXVariantGroup section */

/* Begin XCBuildConfiguration section */
		137805F22BACA401001CA4E9 /* Debug */ = {
			isa = XCBuildConfiguration;
			buildSettings = {
				ALWAYS_SEARCH_USER_PATHS = NO;
				ASSETCATALOG_COMPILER_GENERATE_SWIFT_ASSET_SYMBOL_EXTENSIONS = YES;
				CLANG_ANALYZER_NONNULL = YES;
				CLANG_ANALYZER_NUMBER_OBJECT_CONVERSION = YES_AGGRESSIVE;
				CLANG_CXX_LANGUAGE_STANDARD = "gnu++20";
				CLANG_ENABLE_MODULES = YES;
				CLANG_ENABLE_OBJC_ARC = YES;
				CLANG_ENABLE_OBJC_WEAK = YES;
				CLANG_WARN_BLOCK_CAPTURE_AUTORELEASING = YES;
				CLANG_WARN_BOOL_CONVERSION = YES;
				CLANG_WARN_COMMA = YES;
				CLANG_WARN_CONSTANT_CONVERSION = YES;
				CLANG_WARN_DEPRECATED_OBJC_IMPLEMENTATIONS = YES;
				CLANG_WARN_DIRECT_OBJC_ISA_USAGE = YES_ERROR;
				CLANG_WARN_DOCUMENTATION_COMMENTS = YES;
				CLANG_WARN_EMPTY_BODY = YES;
				CLANG_WARN_ENUM_CONVERSION = YES;
				CLANG_WARN_INFINITE_RECURSION = YES;
				CLANG_WARN_INT_CONVERSION = YES;
				CLANG_WARN_NON_LITERAL_NULL_CONVERSION = YES;
				CLANG_WARN_OBJC_IMPLICIT_RETAIN_SELF = YES;
				CLANG_WARN_OBJC_LITERAL_CONVERSION = YES;
				CLANG_WARN_OBJC_ROOT_CLASS = YES_ERROR;
				CLANG_WARN_QUOTED_INCLUDE_IN_FRAMEWORK_HEADER = YES;
				CLANG_WARN_RANGE_LOOP_ANALYSIS = YES;
				CLANG_WARN_STRICT_PROTOTYPES = YES;
				CLANG_WARN_SUSPICIOUS_MOVE = YES;
				CLANG_WARN_UNGUARDED_AVAILABILITY = YES_AGGRESSIVE;
				CLANG_WARN_UNREACHABLE_CODE = YES;
				CLANG_WARN__DUPLICATE_METHOD_MATCH = YES;
				COPY_PHASE_STRIP = NO;
				DEBUG_INFORMATION_FORMAT = dwarf;
				ENABLE_STRICT_OBJC_MSGSEND = YES;
				ENABLE_TESTABILITY = YES;
				ENABLE_USER_SCRIPT_SANDBOXING = NO;
				GCC_C_LANGUAGE_STANDARD = gnu17;
				GCC_DYNAMIC_NO_PIC = NO;
				GCC_NO_COMMON_BLOCKS = YES;
				GCC_OPTIMIZATION_LEVEL = 0;
				GCC_PREPROCESSOR_DEFINITIONS = (
					"DEBUG=1",
					"$(inherited)",
				);
				GCC_WARN_64_TO_32_BIT_CONVERSION = YES;
				GCC_WARN_ABOUT_RETURN_TYPE = YES_ERROR;
				GCC_WARN_UNDECLARED_SELECTOR = YES;
				GCC_WARN_UNINITIALIZED_AUTOS = YES_AGGRESSIVE;
				GCC_WARN_UNUSED_FUNCTION = YES;
				GCC_WARN_UNUSED_VARIABLE = YES;
				IPHONEOS_DEPLOYMENT_TARGET = 17.0;
				LOCALIZATION_PREFERS_STRING_CATALOGS = YES;
				MTL_ENABLE_DEBUG_INFO = INCLUDE_SOURCE;
				MTL_FAST_MATH = YES;
				ONLY_ACTIVE_ARCH = YES;
				SDKROOT = iphoneos;
				SWIFT_ACTIVE_COMPILATION_CONDITIONS = "DEBUG $(inherited)";
				SWIFT_OPTIMIZATION_LEVEL = "-Onone";
			};
			name = Debug;
		};
		137805F32BACA401001CA4E9 /* Release */ = {
			isa = XCBuildConfiguration;
			buildSettings = {
				ALWAYS_SEARCH_USER_PATHS = NO;
				ASSETCATALOG_COMPILER_GENERATE_SWIFT_ASSET_SYMBOL_EXTENSIONS = YES;
				CLANG_ANALYZER_NONNULL = YES;
				CLANG_ANALYZER_NUMBER_OBJECT_CONVERSION = YES_AGGRESSIVE;
				CLANG_CXX_LANGUAGE_STANDARD = "gnu++20";
				CLANG_ENABLE_MODULES = YES;
				CLANG_ENABLE_OBJC_ARC = YES;
				CLANG_ENABLE_OBJC_WEAK = YES;
				CLANG_WARN_BLOCK_CAPTURE_AUTORELEASING = YES;
				CLANG_WARN_BOOL_CONVERSION = YES;
				CLANG_WARN_COMMA = YES;
				CLANG_WARN_CONSTANT_CONVERSION = YES;
				CLANG_WARN_DEPRECATED_OBJC_IMPLEMENTATIONS = YES;
				CLANG_WARN_DIRECT_OBJC_ISA_USAGE = YES_ERROR;
				CLANG_WARN_DOCUMENTATION_COMMENTS = YES;
				CLANG_WARN_EMPTY_BODY = YES;
				CLANG_WARN_ENUM_CONVERSION = YES;
				CLANG_WARN_INFINITE_RECURSION = YES;
				CLANG_WARN_INT_CONVERSION = YES;
				CLANG_WARN_NON_LITERAL_NULL_CONVERSION = YES;
				CLANG_WARN_OBJC_IMPLICIT_RETAIN_SELF = YES;
				CLANG_WARN_OBJC_LITERAL_CONVERSION = YES;
				CLANG_WARN_OBJC_ROOT_CLASS = YES_ERROR;
				CLANG_WARN_QUOTED_INCLUDE_IN_FRAMEWORK_HEADER = YES;
				CLANG_WARN_RANGE_LOOP_ANALYSIS = YES;
				CLANG_WARN_STRICT_PROTOTYPES = YES;
				CLANG_WARN_SUSPICIOUS_MOVE = YES;
				CLANG_WARN_UNGUARDED_AVAILABILITY = YES_AGGRESSIVE;
				CLANG_WARN_UNREACHABLE_CODE = YES;
				CLANG_WARN__DUPLICATE_METHOD_MATCH = YES;
				COPY_PHASE_STRIP = NO;
				DEBUG_INFORMATION_FORMAT = "dwarf-with-dsym";
				ENABLE_NS_ASSERTIONS = NO;
				ENABLE_STRICT_OBJC_MSGSEND = YES;
				ENABLE_USER_SCRIPT_SANDBOXING = NO;
				GCC_C_LANGUAGE_STANDARD = gnu17;
				GCC_NO_COMMON_BLOCKS = YES;
				GCC_WARN_64_TO_32_BIT_CONVERSION = YES;
				GCC_WARN_ABOUT_RETURN_TYPE = YES_ERROR;
				GCC_WARN_UNDECLARED_SELECTOR = YES;
				GCC_WARN_UNINITIALIZED_AUTOS = YES_AGGRESSIVE;
				GCC_WARN_UNUSED_FUNCTION = YES;
				GCC_WARN_UNUSED_VARIABLE = YES;
				IPHONEOS_DEPLOYMENT_TARGET = 17.0;
				LOCALIZATION_PREFERS_STRING_CATALOGS = YES;
				MTL_ENABLE_DEBUG_INFO = NO;
				MTL_FAST_MATH = YES;
				SDKROOT = iphoneos;
				SWIFT_COMPILATION_MODE = wholemodule;
				VALIDATE_PRODUCT = YES;
			};
			name = Release;
		};
		137805F52BACA401001CA4E9 /* Debug */ = {
			isa = XCBuildConfiguration;
			baseConfigurationReference = 1A97F59B163FB1762D9DFCA0 /* Pods-TradingVolume.debug.xcconfig */;
			buildSettings = {
				ASSETCATALOG_COMPILER_APPICON_NAME = AppIcon;
				ASSETCATALOG_COMPILER_GLOBAL_ACCENT_COLOR_NAME = AccentColor;
				CODE_SIGN_STYLE = Automatic;
				CURRENT_PROJECT_VERSION = 1;
				DEVELOPMENT_TEAM = 37A235Q5UF;
				GENERATE_INFOPLIST_FILE = YES;
				INFOPLIST_FILE = TradingVolume/Info.plist;
				INFOPLIST_KEY_UIApplicationSupportsIndirectInputEvents = YES;
				INFOPLIST_KEY_UILaunchStoryboardName = LaunchScreen;
				INFOPLIST_KEY_UISupportedInterfaceOrientations_iPad = "UIInterfaceOrientationPortrait UIInterfaceOrientationPortraitUpsideDown UIInterfaceOrientationLandscapeLeft UIInterfaceOrientationLandscapeRight";
				INFOPLIST_KEY_UISupportedInterfaceOrientations_iPhone = "UIInterfaceOrientationPortrait UIInterfaceOrientationLandscapeLeft UIInterfaceOrientationLandscapeRight";
				LD_RUNPATH_SEARCH_PATHS = (
					"$(inherited)",
					"@executable_path/Frameworks",
				);
				MARKETING_VERSION = 1.0;
				PRODUCT_BUNDLE_IDENTIFIER = com.tzikoulisathan.TradingVolume;
				PRODUCT_NAME = "$(TARGET_NAME)";
				SWIFT_EMIT_LOC_STRINGS = YES;
				SWIFT_VERSION = 5.0;
				TARGETED_DEVICE_FAMILY = "1,2";
			};
			name = Debug;
		};
		137805F62BACA401001CA4E9 /* Release */ = {
			isa = XCBuildConfiguration;
			baseConfigurationReference = E9529F8C23C8A8C36BAB8D36 /* Pods-TradingVolume.release.xcconfig */;
			buildSettings = {
				ASSETCATALOG_COMPILER_APPICON_NAME = AppIcon;
				ASSETCATALOG_COMPILER_GLOBAL_ACCENT_COLOR_NAME = AccentColor;
				CODE_SIGN_STYLE = Automatic;
				CURRENT_PROJECT_VERSION = 1;
				DEVELOPMENT_TEAM = 37A235Q5UF;
				GENERATE_INFOPLIST_FILE = YES;
				INFOPLIST_FILE = TradingVolume/Info.plist;
				INFOPLIST_KEY_UIApplicationSupportsIndirectInputEvents = YES;
				INFOPLIST_KEY_UILaunchStoryboardName = LaunchScreen;
				INFOPLIST_KEY_UISupportedInterfaceOrientations_iPad = "UIInterfaceOrientationPortrait UIInterfaceOrientationPortraitUpsideDown UIInterfaceOrientationLandscapeLeft UIInterfaceOrientationLandscapeRight";
				INFOPLIST_KEY_UISupportedInterfaceOrientations_iPhone = "UIInterfaceOrientationPortrait UIInterfaceOrientationLandscapeLeft UIInterfaceOrientationLandscapeRight";
				LD_RUNPATH_SEARCH_PATHS = (
					"$(inherited)",
					"@executable_path/Frameworks",
				);
				MARKETING_VERSION = 1.0;
				PRODUCT_BUNDLE_IDENTIFIER = com.tzikoulisathan.TradingVolume;
				PRODUCT_NAME = "$(TARGET_NAME)";
				SWIFT_EMIT_LOC_STRINGS = YES;
				SWIFT_VERSION = 5.0;
				TARGETED_DEVICE_FAMILY = "1,2";
			};
			name = Release;
		};
/* End XCBuildConfiguration section */

/* Begin XCConfigurationList section */
		137805D82BACA3FF001CA4E9 /* Build configuration list for PBXProject "TradingVolume" */ = {
			isa = XCConfigurationList;
			buildConfigurations = (
				137805F22BACA401001CA4E9 /* Debug */,
				137805F32BACA401001CA4E9 /* Release */,
			);
			defaultConfigurationIsVisible = 0;
			defaultConfigurationName = Release;
		};
		137805F42BACA401001CA4E9 /* Build configuration list for PBXNativeTarget "TradingVolume" */ = {
			isa = XCConfigurationList;
			buildConfigurations = (
				137805F52BACA401001CA4E9 /* Debug */,
				137805F62BACA401001CA4E9 /* Release */,
			);
			defaultConfigurationIsVisible = 0;
			defaultConfigurationName = Release;
		};
/* End XCConfigurationList section */

/* Begin XCVersionGroup section */
		137805E92BACA3FF001CA4E9 /* TradingVolume.xcdatamodeld */ = {
			isa = XCVersionGroup;
			children = (
				137805EA2BACA3FF001CA4E9 /* TradingVolume.xcdatamodel */,
			);
			currentVersion = 137805EA2BACA3FF001CA4E9 /* TradingVolume.xcdatamodel */;
			path = TradingVolume.xcdatamodeld;
			sourceTree = "<group>";
			versionGroupType = wrapper.xcdatamodel;
		};
/* End XCVersionGroup section */
	};
	rootObject = 137805D52BACA3FF001CA4E9 /* Project object */;
}
